
Microsoft Visual Studio Solution File, Format Version 12.00
# Visual Studio Version 17
VisualStudioVersion = 17.4.33205.214
MinimumVisualStudioVersion = 10.0.40219.1
Project("{2150E333-8FDC-42A3-9474-1A3956D46DE8}") = "Solution Items", "Solution Items", "{85F45ED4-6F78-4FEC-B2CC-E53279B6194D}"
	ProjectSection(SolutionItems) = preProject
		.gitignore = .gitignore
		todo.txt = todo.txt
	EndProjectSection
EndProject
Project("{9A19103F-16F7-4668-BE54-9A1E7A4F7556}") = "tcgct-mud", "tcgct-mud\tcgct-mud.csproj", "{1AF51914-A0E0-4BE7-93CC-1E2616B60125}"
EndProject
Project("{2150E333-8FDC-42A3-9474-1A3956D46DE8}") = "DataFramework", "DataFramework", "{495167C7-3B0A-40F7-AC4E-62E83FB0B761}"
EndProject
Project("{9A19103F-16F7-4668-BE54-9A1E7A4F7556}") = "tcgct-services-framework", "tcgct-service-framework\tcgct-services-framework.csproj", "{5256150A-F9D3-447E-946A-14ADD2DE14CA}"
EndProject
Project("{9A19103F-16F7-4668-BE54-9A1E7A4F7556}") = "tcgct-sql", "tcgct-mssql\tcgct-sql.csproj", "{3E1D94C3-E3ED-4C96-B788-B5ED319D4A00}"
EndProject
Global
	GlobalSection(SolutionConfigurationPlatforms) = preSolution
		Debug|Any CPU = Debug|Any CPU
		Release|Any CPU = Release|Any CPU
	EndGlobalSection
	GlobalSection(ProjectConfigurationPlatforms) = postSolution
		{1AF51914-A0E0-4BE7-93CC-1E2616B60125}.Debug|Any CPU.ActiveCfg = Debug|Any CPU
		{1AF51914-A0E0-4BE7-93CC-1E2616B60125}.Debug|Any CPU.Build.0 = Debug|Any CPU
		{1AF51914-A0E0-4BE7-93CC-1E2616B60125}.Release|Any CPU.ActiveCfg = Release|Any CPU
		{1AF51914-A0E0-4BE7-93CC-1E2616B60125}.Release|Any CPU.Build.0 = Release|Any CPU
		{5256150A-F9D3-447E-946A-14ADD2DE14CA}.Debug|Any CPU.ActiveCfg = Debug|Any CPU
		{5256150A-F9D3-447E-946A-14ADD2DE14CA}.Debug|Any CPU.Build.0 = Debug|Any CPU
		{5256150A-F9D3-447E-946A-14ADD2DE14CA}.Release|Any CPU.ActiveCfg = Release|Any CPU
		{5256150A-F9D3-447E-946A-14ADD2DE14CA}.Release|Any CPU.Build.0 = Release|Any CPU
		{3E1D94C3-E3ED-4C96-B788-B5ED319D4A00}.Debug|Any CPU.ActiveCfg = Debug|Any CPU
		{3E1D94C3-E3ED-4C96-B788-B5ED319D4A00}.Debug|Any CPU.Build.0 = Debug|Any CPU
		{3E1D94C3-E3ED-4C96-B788-B5ED319D4A00}.Release|Any CPU.ActiveCfg = Release|Any CPU
		{3E1D94C3-E3ED-4C96-B788-B5ED319D4A00}.Release|Any CPU.Build.0 = Release|Any CPU
	EndGlobalSection
	GlobalSection(SolutionProperties) = preSolution
		HideSolutionNode = FALSE
	EndGlobalSection
	GlobalSection(NestedProjects) = preSolution
		{5256150A-F9D3-447E-946A-14ADD2DE14CA} = {495167C7-3B0A-40F7-AC4E-62E83FB0B761}
		{3E1D94C3-E3ED-4C96-B788-B5ED319D4A00} = {495167C7-3B0A-40F7-AC4E-62E83FB0B761}
	EndGlobalSection
	GlobalSection(ExtensibilityGlobals) = postSolution
		SolutionGuid = {2F2EE9D6-03EB-4DAB-8AE2-A120A4DC34E8}
	EndGlobalSection
EndGlobal
