
Microsoft Visual Studio Solution File, Format Version 12.00
# Visual Studio Version 17
VisualStudioVersion = 17.4.33205.214
MinimumVisualStudioVersion = 10.0.40219.1
Project("{2150E333-8FDC-42A3-9474-1A3956D46DE8}") = "Solution Items", "Solution Items", "{85F45ED4-6F78-4FEC-B2CC-E53279B6194D}"
	ProjectSection(SolutionItems) = preProject
		.gitignore = .gitignore
		todo.txt = todo.txt
	EndProjectSection
EndProject
Project("{9A19103F-16F7-4668-BE54-9A1E7A4F7556}") = "MTG-Sql-Scryfall", "Updaters\MTG\MTG-Sql-Scryfall.csproj", "{0AB3B51B-DE21-491E-AE63-805383B1B535}"
EndProject
Project("{9A19103F-16F7-4668-BE54-9A1E7A4F7556}") = "tcgct-mud", "tcgct-mud\tcgct-mud.csproj", "{1AF51914-A0E0-4BE7-93CC-1E2616B60125}"
EndProject
Project("{9A19103F-16F7-4668-BE54-9A1E7A4F7556}") = "tcgct-sql", "tcgct-mtg\tcgct-sql.csproj", "{B0328E1F-44DE-4C5A-A423-D3022F599DE8}"
EndProject
Project("{2150E333-8FDC-42A3-9474-1A3956D46DE8}") = "DataFramework", "DataFramework", "{495167C7-3B0A-40F7-AC4E-62E83FB0B761}"
EndProject
Project("{2150E333-8FDC-42A3-9474-1A3956D46DE8}") = "sql", "sql", "{ECE50220-DE0D-4BFB-AF11-30D4EE49C6A3}"
EndProject
Project("{2150E333-8FDC-42A3-9474-1A3956D46DE8}") = "Loaders", "Loaders", "{3BE21DB0-0AB0-4690-B702-5979A2949CD9}"
EndProject
Project("{2150E333-8FDC-42A3-9474-1A3956D46DE8}") = "MTG", "MTG", "{1FF32DF4-0A25-4EFD-8043-B0EAF17B35A2}"
EndProject
Project("{9A19103F-16F7-4668-BE54-9A1E7A4F7556}") = "tcgct-services-framework", "tcgct-service-framework\tcgct-services-framework.csproj", "{5256150A-F9D3-447E-946A-14ADD2DE14CA}"
EndProject
Global
	GlobalSection(SolutionConfigurationPlatforms) = preSolution
		Debug|Any CPU = Debug|Any CPU
		Release|Any CPU = Release|Any CPU
	EndGlobalSection
	GlobalSection(ProjectConfigurationPlatforms) = postSolution
		{0AB3B51B-DE21-491E-AE63-805383B1B535}.Debug|Any CPU.ActiveCfg = Debug|Any CPU
		{0AB3B51B-DE21-491E-AE63-805383B1B535}.Debug|Any CPU.Build.0 = Debug|Any CPU
		{0AB3B51B-DE21-491E-AE63-805383B1B535}.Release|Any CPU.ActiveCfg = Release|Any CPU
		{0AB3B51B-DE21-491E-AE63-805383B1B535}.Release|Any CPU.Build.0 = Release|Any CPU
		{1AF51914-A0E0-4BE7-93CC-1E2616B60125}.Debug|Any CPU.ActiveCfg = Debug|Any CPU
		{1AF51914-A0E0-4BE7-93CC-1E2616B60125}.Debug|Any CPU.Build.0 = Debug|Any CPU
		{1AF51914-A0E0-4BE7-93CC-1E2616B60125}.Release|Any CPU.ActiveCfg = Release|Any CPU
		{1AF51914-A0E0-4BE7-93CC-1E2616B60125}.Release|Any CPU.Build.0 = Release|Any CPU
		{B0328E1F-44DE-4C5A-A423-D3022F599DE8}.Debug|Any CPU.ActiveCfg = Debug|Any CPU
		{B0328E1F-44DE-4C5A-A423-D3022F599DE8}.Debug|Any CPU.Build.0 = Debug|Any CPU
		{B0328E1F-44DE-4C5A-A423-D3022F599DE8}.Release|Any CPU.ActiveCfg = Release|Any CPU
		{B0328E1F-44DE-4C5A-A423-D3022F599DE8}.Release|Any CPU.Build.0 = Release|Any CPU
		{5256150A-F9D3-447E-946A-14ADD2DE14CA}.Debug|Any CPU.ActiveCfg = Debug|Any CPU
		{5256150A-F9D3-447E-946A-14ADD2DE14CA}.Debug|Any CPU.Build.0 = Debug|Any CPU
		{5256150A-F9D3-447E-946A-14ADD2DE14CA}.Release|Any CPU.ActiveCfg = Release|Any CPU
		{5256150A-F9D3-447E-946A-14ADD2DE14CA}.Release|Any CPU.Build.0 = Release|Any CPU
	EndGlobalSection
	GlobalSection(SolutionProperties) = preSolution
		HideSolutionNode = FALSE
	EndGlobalSection
	GlobalSection(NestedProjects) = preSolution
		{0AB3B51B-DE21-491E-AE63-805383B1B535} = {1FF32DF4-0A25-4EFD-8043-B0EAF17B35A2}
		{B0328E1F-44DE-4C5A-A423-D3022F599DE8} = {ECE50220-DE0D-4BFB-AF11-30D4EE49C6A3}
		{ECE50220-DE0D-4BFB-AF11-30D4EE49C6A3} = {495167C7-3B0A-40F7-AC4E-62E83FB0B761}
		{1FF32DF4-0A25-4EFD-8043-B0EAF17B35A2} = {3BE21DB0-0AB0-4690-B702-5979A2949CD9}
		{5256150A-F9D3-447E-946A-14ADD2DE14CA} = {495167C7-3B0A-40F7-AC4E-62E83FB0B761}
	EndGlobalSection
	GlobalSection(ExtensibilityGlobals) = postSolution
		SolutionGuid = {2F2EE9D6-03EB-4DAB-8AE2-A120A4DC34E8}
	EndGlobalSection
EndGlobal
