
Microsoft Visual Studio Solution File, Format Version 12.00
# Visual Studio Version 17
VisualStudioVersion = 17.4.33205.214
MinimumVisualStudioVersion = 10.0.40219.1
Project("{9A19103F-16F7-4668-BE54-9A1E7A4F7556}") = "tcgct-mtg", "tcgct-mtg\tcgct-mtg.csproj", "{0BE5AD49-5B6F-42A9-8521-39FBFF81EBA5}"
EndProject
Project("{9A19103F-16F7-4668-BE54-9A1E7A4F7556}") = "tcgct-admin", "tcgct-admin\tcgct-admin.csproj", "{BFF6B735-89A9-474E-AADF-ACC95D0A4329}"
EndProject
Project("{2150E333-8FDC-42A3-9474-1A3956D46DE8}") = "Solution Items", "Solution Items", "{85F45ED4-6F78-4FEC-B2CC-E53279B6194D}"
	ProjectSection(SolutionItems) = preProject
		.gitignore = .gitignore
		create_tables.sql = create_tables.sql
	EndProjectSection
EndProject
Project("{9A19103F-16F7-4668-BE54-9A1E7A4F7556}") = "MTG", "Updaters\MTG\MTG.csproj", "{0AB3B51B-DE21-491E-AE63-805383B1B535}"
EndProject
Project("{2150E333-8FDC-42A3-9474-1A3956D46DE8}") = "Updaters", "Updaters", "{94DD27A5-7A9E-485E-9015-CBE3060553D6}"
EndProject
Project("{9A19103F-16F7-4668-BE54-9A1E7A4F7556}") = "sandbox", "sandbox\sandbox.csproj", "{D58556C4-F1A3-465B-95D7-6C24E5AAD18C}"
EndProject
Project("{9A19103F-16F7-4668-BE54-9A1E7A4F7556}") = "tcgct-mud", "tcgct-mud\tcgct-mud.csproj", "{1AF51914-A0E0-4BE7-93CC-1E2616B60125}"
EndProject
Global
	GlobalSection(SolutionConfigurationPlatforms) = preSolution
		Debug|Any CPU = Debug|Any CPU
		Release|Any CPU = Release|Any CPU
	EndGlobalSection
	GlobalSection(ProjectConfigurationPlatforms) = postSolution
		{0BE5AD49-5B6F-42A9-8521-39FBFF81EBA5}.Debug|Any CPU.ActiveCfg = Debug|Any CPU
		{0BE5AD49-5B6F-42A9-8521-39FBFF81EBA5}.Debug|Any CPU.Build.0 = Debug|Any CPU
		{0BE5AD49-5B6F-42A9-8521-39FBFF81EBA5}.Release|Any CPU.ActiveCfg = Release|Any CPU
		{0BE5AD49-5B6F-42A9-8521-39FBFF81EBA5}.Release|Any CPU.Build.0 = Release|Any CPU
		{BFF6B735-89A9-474E-AADF-ACC95D0A4329}.Debug|Any CPU.ActiveCfg = Debug|Any CPU
		{BFF6B735-89A9-474E-AADF-ACC95D0A4329}.Debug|Any CPU.Build.0 = Debug|Any CPU
		{BFF6B735-89A9-474E-AADF-ACC95D0A4329}.Release|Any CPU.ActiveCfg = Release|Any CPU
		{BFF6B735-89A9-474E-AADF-ACC95D0A4329}.Release|Any CPU.Build.0 = Release|Any CPU
		{0AB3B51B-DE21-491E-AE63-805383B1B535}.Debug|Any CPU.ActiveCfg = Debug|Any CPU
		{0AB3B51B-DE21-491E-AE63-805383B1B535}.Debug|Any CPU.Build.0 = Debug|Any CPU
		{0AB3B51B-DE21-491E-AE63-805383B1B535}.Release|Any CPU.ActiveCfg = Release|Any CPU
		{0AB3B51B-DE21-491E-AE63-805383B1B535}.Release|Any CPU.Build.0 = Release|Any CPU
		{D58556C4-F1A3-465B-95D7-6C24E5AAD18C}.Debug|Any CPU.ActiveCfg = Debug|Any CPU
		{D58556C4-F1A3-465B-95D7-6C24E5AAD18C}.Debug|Any CPU.Build.0 = Debug|Any CPU
		{D58556C4-F1A3-465B-95D7-6C24E5AAD18C}.Release|Any CPU.ActiveCfg = Release|Any CPU
		{D58556C4-F1A3-465B-95D7-6C24E5AAD18C}.Release|Any CPU.Build.0 = Release|Any CPU
		{1AF51914-A0E0-4BE7-93CC-1E2616B60125}.Debug|Any CPU.ActiveCfg = Debug|Any CPU
		{1AF51914-A0E0-4BE7-93CC-1E2616B60125}.Debug|Any CPU.Build.0 = Debug|Any CPU
		{1AF51914-A0E0-4BE7-93CC-1E2616B60125}.Release|Any CPU.ActiveCfg = Release|Any CPU
		{1AF51914-A0E0-4BE7-93CC-1E2616B60125}.Release|Any CPU.Build.0 = Release|Any CPU
	EndGlobalSection
	GlobalSection(SolutionProperties) = preSolution
		HideSolutionNode = FALSE
	EndGlobalSection
	GlobalSection(NestedProjects) = preSolution
		{0AB3B51B-DE21-491E-AE63-805383B1B535} = {94DD27A5-7A9E-485E-9015-CBE3060553D6}
	EndGlobalSection
	GlobalSection(ExtensibilityGlobals) = postSolution
		SolutionGuid = {2F2EE9D6-03EB-4DAB-8AE2-A120A4DC34E8}
	EndGlobalSection
EndGlobal
